{
  "name": "brush-strokes-frontend",
  "version": "0.1.0",
  "lockfileVersion": 1,
  "requires": true,
  "dependencies": {
    "@types/bezier-js": {
      "version": "0.0.8",
      "resolved": "https://registry.npmjs.org/@types/bezier-js/-/bezier-js-0.0.8.tgz",
      "integrity": "sha512-X+sQeRVDMwlQYZEqQcVOVqCKrZa7nKVuYirlJCJQRBpucQSzPGxjv7VAncCGe0cr1v1hFuLAzK11XzjOPqQ0kA=="
    },
    "bezier-js": {
      "version": "2.4.3",
      "resolved": "https://registry.npmjs.org/bezier-js/-/bezier-js-2.4.3.tgz",
      "integrity": "sha512-qAz1iAGoSE+kk5guAMyvoUgfHq+e5JwK5jRHh2/tuk4XDRUuECrrHLouN27jAzjhlJD2vAsBHofCi5sOn1jcbQ=="
    }
  }
}
